
Microsoft Visual Studio Solution File, Format Version 12.00
# Visual Studio Version 17
VisualStudioVersion = 17.9.34902.65
MinimumVisualStudioVersion = 10.0.40219.1
Project("{FAE04EC0-301F-11D3-BF4B-00C04F79EFBC}") = "CRUD", "CRUD.csproj", "{AB82D6AE-1117-4772-A990-C7500167590B}"
EndProject
Global
	GlobalSection(SolutionConfigurationPlatforms) = preSolution
		Debug|Any CPU = Debug|Any CPU
		Release|Any CPU = Release|Any CPU
	EndGlobalSection
	GlobalSection(ProjectConfigurationPlatforms) = postSolution
		{AB82D6AE-1117-4772-A990-C7500167590B}.Debug|Any CPU.ActiveCfg = Debug|Any CPU
		{AB82D6AE-1117-4772-A990-C7500167590B}.Debug|Any CPU.Build.0 = Debug|Any CPU
		{AB82D6AE-1117-4772-A990-C7500167590B}.Release|Any CPU.ActiveCfg = Release|Any CPU
		{AB82D6AE-1117-4772-A990-C7500167590B}.Release|Any CPU.Build.0 = Release|Any CPU
	EndGlobalSection
	GlobalSection(SolutionProperties) = preSolution
		HideSolutionNode = FALSE
	EndGlobalSection
	GlobalSection(ExtensibilityGlobals) = postSolution
		SolutionGuid = {D28268B3-D000-4591-9230-89ABDEE0F994}
	EndGlobalSection
EndGlobal
